
Microsoft Visual Studio Solution File, Format Version 12.00
# Visual Studio Version 17
VisualStudioVersion = 17.4.33213.308
MinimumVisualStudioVersion = 10.0.40219.1
Project("{FAE04EC0-301F-11D3-BF4B-00C04F79EFBC}") = "DiplomenP", "DiplomenP\DiplomenP.csproj", "{D751491C-FEE6-48C2-B26A-9481A8286D1D}"
EndProject
Global
	GlobalSection(SolutionConfigurationPlatforms) = preSolution
		Debug|Any CPU = Debug|Any CPU
		Release|Any CPU = Release|Any CPU
	EndGlobalSection
	GlobalSection(ProjectConfigurationPlatforms) = postSolution
		{D751491C-FEE6-48C2-B26A-9481A8286D1D}.Debug|Any CPU.ActiveCfg = Debug|Any CPU
		{D751491C-FEE6-48C2-B26A-9481A8286D1D}.Debug|Any CPU.Build.0 = Debug|Any CPU
		{D751491C-FEE6-48C2-B26A-9481A8286D1D}.Release|Any CPU.ActiveCfg = Release|Any CPU
		{D751491C-FEE6-48C2-B26A-9481A8286D1D}.Release|Any CPU.Build.0 = Release|Any CPU
	EndGlobalSection
	GlobalSection(SolutionProperties) = preSolution
		HideSolutionNode = FALSE
	EndGlobalSection
	GlobalSection(ExtensibilityGlobals) = postSolution
		SolutionGuid = {5F28EA05-4794-44AE-AD88-E391F2ED2418}
	EndGlobalSection
EndGlobal
